
Microsoft Visual Studio Solution File, Format Version 12.00
# Visual Studio Version 17
VisualStudioVersion = 17.0.31314.256
MinimumVisualStudioVersion = 10.0.40219.1
Project("{2150E333-8FDC-42A3-9474-1A3956D46DE8}") = "Engine", "Engine", "{94A6C6F3-99B3-346E-9557-ABF9D4064DBD}"
EndProject
Project("{2150E333-8FDC-42A3-9474-1A3956D46DE8}") = "Games", "Games", "{8E2F6A87-1826-34F4-940C-CC23A48F9FE4}"
EndProject
Project("{8BC9CEB8-8B4A-11D0-8D11-00A0C91BC942}") = "UE4", "Intermediate\ProjectFiles\UE4.vcxproj", "{BBC4BCBE-A9E8-466C-BDF6-FB444BF0AC8C}"
EndProject
Project("{8BC9CEB8-8B4A-11D0-8D11-00A0C91BC942}") = "DonkeyKong", "Intermediate\ProjectFiles\DonkeyKong.vcxproj", "{ACFBC8C0-F5F4-4C79-8913-D18C9879CA7D}"
EndProject
Project("{2150E333-8FDC-42A3-9474-1A3956D46DE8}") = "Visualizers", "Visualizers", "{1CCEC849-CC72-4C59-8C36-2F7C38706D4C}"
	ProjectSection(SolutionItems) = preProject
		..\..\..\..\..\Program Files\Epic Games\UE_4.27\Engine\Extras\VisualStudioDebugging\UE4.natvis = ..\..\..\..\..\Program Files\Epic Games\UE_4.27\Engine\Extras\VisualStudioDebugging\UE4.natvis
	EndProjectSection
EndProject
Global
	GlobalSection(SolutionConfigurationPlatforms) = preSolution
		DebugGame Editor|Win32 = DebugGame Editor|Win32
		DebugGame Editor|Win64 = DebugGame Editor|Win64
		DebugGame|Win32 = DebugGame|Win32
		DebugGame|Win64 = DebugGame|Win64
		Development Editor|Win32 = Development Editor|Win32
		Development Editor|Win64 = Development Editor|Win64
		Development|Win32 = Development|Win32
		Development|Win64 = Development|Win64
		Shipping|Win32 = Shipping|Win32
		Shipping|Win64 = Shipping|Win64
	EndGlobalSection
	# Visual Assist Section
	GlobalSection(44630d46-96b5-488c-8df926e21db8c1a3) = preSolution
		ueSolution=true
	EndGlobalSection
	GlobalSection(ProjectConfigurationPlatforms) = postSolution
		{BBC4BCBE-A9E8-466C-BDF6-FB444BF0AC8C}.DebugGame Editor|Win32.ActiveCfg = BuiltWithUnrealBuildTool|Win32
		{BBC4BCBE-A9E8-466C-BDF6-FB444BF0AC8C}.DebugGame Editor|Win64.ActiveCfg = BuiltWithUnrealBuildTool|Win32
		{BBC4BCBE-A9E8-466C-BDF6-FB444BF0AC8C}.DebugGame|Win32.ActiveCfg = BuiltWithUnrealBuildTool|Win32
		{BBC4BCBE-A9E8-466C-BDF6-FB444BF0AC8C}.DebugGame|Win64.ActiveCfg = BuiltWithUnrealBuildTool|Win32
		{BBC4BCBE-A9E8-466C-BDF6-FB444BF0AC8C}.Development Editor|Win32.ActiveCfg = BuiltWithUnrealBuildTool|Win32
		{BBC4BCBE-A9E8-466C-BDF6-FB444BF0AC8C}.Development Editor|Win64.ActiveCfg = BuiltWithUnrealBuildTool|Win32
		{BBC4BCBE-A9E8-466C-BDF6-FB444BF0AC8C}.Development|Win32.ActiveCfg = BuiltWithUnrealBuildTool|Win32
		{BBC4BCBE-A9E8-466C-BDF6-FB444BF0AC8C}.Development|Win64.ActiveCfg = BuiltWithUnrealBuildTool|Win32
		{BBC4BCBE-A9E8-466C-BDF6-FB444BF0AC8C}.Shipping|Win32.ActiveCfg = BuiltWithUnrealBuildTool|Win32
		{BBC4BCBE-A9E8-466C-BDF6-FB444BF0AC8C}.Shipping|Win64.ActiveCfg = BuiltWithUnrealBuildTool|Win32
		{ACFBC8C0-F5F4-4C79-8913-D18C9879CA7D}.DebugGame Editor|Win32.ActiveCfg = Invalid|Win32
		{ACFBC8C0-F5F4-4C79-8913-D18C9879CA7D}.DebugGame Editor|Win64.ActiveCfg = DebugGame_Editor|x64
		{ACFBC8C0-F5F4-4C79-8913-D18C9879CA7D}.DebugGame Editor|Win64.Build.0 = DebugGame_Editor|x64
		{ACFBC8C0-F5F4-4C79-8913-D18C9879CA7D}.DebugGame|Win32.ActiveCfg = DebugGame|Win32
		{ACFBC8C0-F5F4-4C79-8913-D18C9879CA7D}.DebugGame|Win32.Build.0 = DebugGame|Win32
		{ACFBC8C0-F5F4-4C79-8913-D18C9879CA7D}.DebugGame|Win64.ActiveCfg = DebugGame|x64
		{ACFBC8C0-F5F4-4C79-8913-D18C9879CA7D}.DebugGame|Win64.Build.0 = DebugGame|x64
		{ACFBC8C0-F5F4-4C79-8913-D18C9879CA7D}.Development Editor|Win32.ActiveCfg = Invalid|Win32
		{ACFBC8C0-F5F4-4C79-8913-D18C9879CA7D}.Development Editor|Win64.ActiveCfg = Development_Editor|x64
		{ACFBC8C0-F5F4-4C79-8913-D18C9879CA7D}.Development Editor|Win64.Build.0 = Development_Editor|x64
		{ACFBC8C0-F5F4-4C79-8913-D18C9879CA7D}.Development|Win32.ActiveCfg = Development|Win32
		{ACFBC8C0-F5F4-4C79-8913-D18C9879CA7D}.Development|Win32.Build.0 = Development|Win32
		{ACFBC8C0-F5F4-4C79-8913-D18C9879CA7D}.Development|Win64.ActiveCfg = Development|x64
		{ACFBC8C0-F5F4-4C79-8913-D18C9879CA7D}.Development|Win64.Build.0 = Development|x64
		{ACFBC8C0-F5F4-4C79-8913-D18C9879CA7D}.Shipping|Win32.ActiveCfg = Shipping|Win32
		{ACFBC8C0-F5F4-4C79-8913-D18C9879CA7D}.Shipping|Win32.Build.0 = Shipping|Win32
		{ACFBC8C0-F5F4-4C79-8913-D18C9879CA7D}.Shipping|Win64.ActiveCfg = Shipping|x64
		{ACFBC8C0-F5F4-4C79-8913-D18C9879CA7D}.Shipping|Win64.Build.0 = Shipping|x64
	EndGlobalSection
	GlobalSection(SolutionProperties) = preSolution
		HideSolutionNode = FALSE
	EndGlobalSection
	GlobalSection(NestedProjects) = preSolution
		{BBC4BCBE-A9E8-466C-BDF6-FB444BF0AC8C} = {94A6C6F3-99B3-346E-9557-ABF9D4064DBD}
		{ACFBC8C0-F5F4-4C79-8913-D18C9879CA7D} = {8E2F6A87-1826-34F4-940C-CC23A48F9FE4}
	EndGlobalSection
EndGlobal
